
Microsoft Visual Studio Solution File, Format Version 12.00
# Visual Studio 2013
VisualStudioVersion = 12.0.21005.1
MinimumVisualStudioVersion = 10.0.40219.1
Project("{FAE04EC0-301F-11D3-BF4B-00C04F79EFBC}") = "stagl", "stagl\stagl.csproj", "{107986C6-F006-44C9-97A3-B4459EF7E37C}"
EndProject
Project("{FAE04EC0-301F-11D3-BF4B-00C04F79EFBC}") = "stagl-examples", "stagl-examples\stagl-examples.csproj", "{526CB91F-B669-4A1B-AEE4-C35DE787F0CF}"
EndProject
Global
	GlobalSection(SolutionConfigurationPlatforms) = preSolution
		Debug|Any CPU = Debug|Any CPU
		Release|Any CPU = Release|Any CPU
	EndGlobalSection
	GlobalSection(ProjectConfigurationPlatforms) = postSolution
		{107986C6-F006-44C9-97A3-B4459EF7E37C}.Debug|Any CPU.ActiveCfg = Debug|Any CPU
		{107986C6-F006-44C9-97A3-B4459EF7E37C}.Debug|Any CPU.Build.0 = Debug|Any CPU
		{107986C6-F006-44C9-97A3-B4459EF7E37C}.Release|Any CPU.ActiveCfg = Release|Any CPU
		{107986C6-F006-44C9-97A3-B4459EF7E37C}.Release|Any CPU.Build.0 = Release|Any CPU
		{526CB91F-B669-4A1B-AEE4-C35DE787F0CF}.Debug|Any CPU.ActiveCfg = Debug|Any CPU
		{526CB91F-B669-4A1B-AEE4-C35DE787F0CF}.Debug|Any CPU.Build.0 = Debug|Any CPU
		{526CB91F-B669-4A1B-AEE4-C35DE787F0CF}.Release|Any CPU.ActiveCfg = Release|Any CPU
		{526CB91F-B669-4A1B-AEE4-C35DE787F0CF}.Release|Any CPU.Build.0 = Release|Any CPU
	EndGlobalSection
	GlobalSection(SolutionProperties) = preSolution
		HideSolutionNode = FALSE
	EndGlobalSection
EndGlobal
